# generated by rye
# use `rye lock` or `rye sync` to update this lockfile
#
# last locked with the following flags:
#   pre: false
#   features: []
#   all-features: false
#   with-sources: false
#   generate-hashes: false

aiohappyeyeballs==2.4.3
    # via aiohttp
aiohttp==3.10.8
    # via semantic-kernel
aiosignal==1.3.1
    # via aiohttp
annotated-types==0.7.0
    # via pydantic
anyio==4.6.0
    # via httpx
    # via openai
asgiref==3.8.1
    # via django
attrs==24.2.0
    # via aiohttp
    # via jsonschema
    # via referencing
azure-core==1.31.0
    # via azure-identity
azure-identity==1.18.0
    # via semantic-kernel
certifi==2024.8.30
    # via httpcore
    # via httpx
    # via requests
cffi==1.17.1
    # via cryptography
chardet==5.2.0
    # via prance
charset-normalizer==3.3.2
    # via requests
colorama==0.4.6
    # via tqdm
cryptography==43.0.1
    # via azure-identity
    # via msal
    # via pyjwt
defusedxml==0.7.1
    # via semantic-kernel
deprecated==1.2.14
    # via opentelemetry-api
    # via opentelemetry-semantic-conventions
distro==1.9.0
    # via openai
django==5.1.1
django-dotenv==1.4.2
frozenlist==1.4.1
    # via aiohttp
    # via aiosignal
h11==0.14.0
    # via httpcore
httpcore==1.0.5
    # via httpx
httpx==0.27.2
    # via openai
idna==3.10
    # via anyio
    # via httpx
    # via requests
    # via yarl
importlib-metadata==8.4.0
    # via opentelemetry-api
isodate==0.6.1
    # via openapi-core
jinja2==3.1.4
    # via semantic-kernel
jiter==0.5.0
    # via openai
jsonschema==4.23.0
    # via openapi-core
    # via openapi-schema-validator
    # via openapi-spec-validator
jsonschema-path==0.3.3
    # via openapi-core
    # via openapi-spec-validator
jsonschema-specifications==2023.12.1
    # via jsonschema
    # via openapi-schema-validator
lazy-object-proxy==1.10.0
    # via openapi-spec-validator
markupsafe==2.1.5
    # via jinja2
    # via werkzeug
more-itertools==10.5.0
    # via openapi-core
msal==1.31.0
    # via azure-identity
    # via msal-extensions
msal-extensions==1.2.0
    # via azure-identity
multidict==6.1.0
    # via aiohttp
    # via yarl
nest-asyncio==1.6.0
    # via semantic-kernel
numpy==2.1.1
    # via semantic-kernel
openai==1.50.2
    # via semantic-kernel
openapi-core==0.19.4
    # via semantic-kernel
openapi-schema-validator==0.6.2
    # via openapi-core
    # via openapi-spec-validator
openapi-spec-validator==0.7.1
    # via openapi-core
opentelemetry-api==1.27.0
    # via opentelemetry-sdk
    # via opentelemetry-semantic-conventions
    # via semantic-kernel
opentelemetry-sdk==1.27.0
    # via semantic-kernel
opentelemetry-semantic-conventions==0.48b0
    # via opentelemetry-sdk
packaging==24.1
    # via prance
parse==1.20.2
    # via openapi-core
pathable==0.4.3
    # via jsonschema-path
portalocker==2.10.1
    # via msal-extensions
prance==23.6.21.0
    # via semantic-kernel
psycopg==3.2.3
psycopg-binary==3.2.3
pybars4==0.9.13
    # via semantic-kernel
pycparser==2.22
    # via cffi
pydantic==2.9.2
    # via openai
    # via pydantic-settings
    # via semantic-kernel
pydantic-core==2.23.4
    # via pydantic
pydantic-settings==2.5.2
    # via semantic-kernel
pyjwt==2.9.0
    # via msal
pymeta3==0.5.1
    # via pybars4
python-dotenv==1.0.1
    # via pydantic-settings
pywin32==306
    # via portalocker
pyyaml==6.0.2
    # via jsonschema-path
referencing==0.35.1
    # via jsonschema
    # via jsonschema-path
    # via jsonschema-specifications
requests==2.32.3
    # via azure-core
    # via jsonschema-path
    # via msal
    # via prance
rfc3339-validator==0.1.4
    # via openapi-schema-validator
rpds-py==0.20.0
    # via jsonschema
    # via referencing
ruamel-yaml==0.18.6
    # via prance
ruamel-yaml-clib==0.2.8
    # via ruamel-yaml
semantic-kernel==1.10.1
six==1.16.0
    # via azure-core
    # via isodate
    # via prance
    # via rfc3339-validator
sniffio==1.3.1
    # via anyio
    # via httpx
    # via openai
sqlparse==0.5.1
    # via django
tqdm==4.66.5
    # via openai
typing-extensions==4.12.2
    # via azure-core
    # via azure-identity
    # via openai
    # via opentelemetry-sdk
    # via psycopg
    # via pydantic
    # via pydantic-core
tzdata==2024.2
    # via django
    # via psycopg
urllib3==2.2.3
    # via requests
werkzeug==3.0.4
    # via openapi-core
whitenoise==6.7.0
wrapt==1.16.0
    # via deprecated
yarl==1.13.1
    # via aiohttp
zipp==3.20.2
    # via importlib-metadata
